
Microsoft Visual Studio Solution File, Format Version 12.00
# Visual Studio Version 17
VisualStudioVersion = 17.7.34009.444
MinimumVisualStudioVersion = 10.0.40219.1
Project("{FAE04EC0-301F-11D3-BF4B-00C04F79EFBC}") = "primeira aula de 2024", "primeira aula de 2024\primeira aula de 2024.csproj", "{13FE8F84-BBAE-48C1-9F1F-0E54DB3C6CC1}"
EndProject
Global
	GlobalSection(SolutionConfigurationPlatforms) = preSolution
		Debug|Any CPU = Debug|Any CPU
		Release|Any CPU = Release|Any CPU
	EndGlobalSection
	GlobalSection(ProjectConfigurationPlatforms) = postSolution
		{13FE8F84-BBAE-48C1-9F1F-0E54DB3C6CC1}.Debug|Any CPU.ActiveCfg = Debug|Any CPU
		{13FE8F84-BBAE-48C1-9F1F-0E54DB3C6CC1}.Debug|Any CPU.Build.0 = Debug|Any CPU
		{13FE8F84-BBAE-48C1-9F1F-0E54DB3C6CC1}.Release|Any CPU.ActiveCfg = Release|Any CPU
		{13FE8F84-BBAE-48C1-9F1F-0E54DB3C6CC1}.Release|Any CPU.Build.0 = Release|Any CPU
	EndGlobalSection
	GlobalSection(SolutionProperties) = preSolution
		HideSolutionNode = FALSE
	EndGlobalSection
	GlobalSection(ExtensibilityGlobals) = postSolution
		SolutionGuid = {8ECB88D2-4944-4FD3-9BA5-A8121C7EF688}
	EndGlobalSection
EndGlobal
