
Microsoft Visual Studio Solution File, Format Version 12.00
# Visual Studio Version 17
VisualStudioVersion = 17.7.34009.444
MinimumVisualStudioVersion = 10.0.40219.1
Project("{FAE04EC0-301F-11D3-BF4B-00C04F79EFBC}") = "A primeira aula de 2024", "A primeira aula de 2024\A primeira aula de 2024.csproj", "{5CD64F72-1D02-43C6-A77F-FE0E97ACD6F1}"
EndProject
Global
	GlobalSection(SolutionConfigurationPlatforms) = preSolution
		Debug|Any CPU = Debug|Any CPU
		Release|Any CPU = Release|Any CPU
	EndGlobalSection
	GlobalSection(ProjectConfigurationPlatforms) = postSolution
		{5CD64F72-1D02-43C6-A77F-FE0E97ACD6F1}.Debug|Any CPU.ActiveCfg = Debug|Any CPU
		{5CD64F72-1D02-43C6-A77F-FE0E97ACD6F1}.Debug|Any CPU.Build.0 = Debug|Any CPU
		{5CD64F72-1D02-43C6-A77F-FE0E97ACD6F1}.Release|Any CPU.ActiveCfg = Release|Any CPU
		{5CD64F72-1D02-43C6-A77F-FE0E97ACD6F1}.Release|Any CPU.Build.0 = Release|Any CPU
	EndGlobalSection
	GlobalSection(SolutionProperties) = preSolution
		HideSolutionNode = FALSE
	EndGlobalSection
	GlobalSection(ExtensibilityGlobals) = postSolution
		SolutionGuid = {76C0ACD4-03FC-48C8-B90B-665C74FDF033}
	EndGlobalSection
EndGlobal
