
Microsoft Visual Studio Solution File, Format Version 12.00
# Visual Studio Version 17
VisualStudioVersion = 17.7.34009.444
MinimumVisualStudioVersion = 10.0.40219.1
Project("{FAE04EC0-301F-11D3-BF4B-00C04F79EFBC}") = "dexyzim", "dexyzim\dexyzim.csproj", "{DA69BFDB-52DF-450E-8037-87B4F038784D}"
EndProject
Global
	GlobalSection(SolutionConfigurationPlatforms) = preSolution
		Debug|Any CPU = Debug|Any CPU
		Release|Any CPU = Release|Any CPU
	EndGlobalSection
	GlobalSection(ProjectConfigurationPlatforms) = postSolution
		{DA69BFDB-52DF-450E-8037-87B4F038784D}.Debug|Any CPU.ActiveCfg = Debug|Any CPU
		{DA69BFDB-52DF-450E-8037-87B4F038784D}.Debug|Any CPU.Build.0 = Debug|Any CPU
		{DA69BFDB-52DF-450E-8037-87B4F038784D}.Release|Any CPU.ActiveCfg = Release|Any CPU
		{DA69BFDB-52DF-450E-8037-87B4F038784D}.Release|Any CPU.Build.0 = Release|Any CPU
	EndGlobalSection
	GlobalSection(SolutionProperties) = preSolution
		HideSolutionNode = FALSE
	EndGlobalSection
	GlobalSection(ExtensibilityGlobals) = postSolution
		SolutionGuid = {5C7AF40D-99A8-43ED-B8C2-A0489E39E37A}
	EndGlobalSection
EndGlobal
